github.com/konduruganesh/dognew v0.0.0-20230623062219-64fda0d9636f h1:+cRzpZ7ClEdeP2S3lOWz5rTTuwAEN1JkFa5gKndHAtE=
github.com/konduruganesh/dognew v0.0.0-20230623062219-64fda0d9636f/go.mod h1:zc5M91k5u3Kjcy5y3oi68zMgQKFajxwCtWjb45zj8ZQ=
github.com/konduruganesh/dognew v0.0.0-20230623072534-bb9e72b70dca h1:KIuyxEJuuEPjkwBijn/DcraKZfFDuAuXfbZxuEioXPE=
github.com/konduruganesh/dognew v0.0.0-20230623072534-bb9e72b70dca/go.mod h1:zc5M91k5u3Kjcy5y3oi68zMgQKFajxwCtWjb45zj8ZQ=
